Microsoft Visual Studio Solution File, Format Version 12.00# Visual Studio 2012Project("{FAE04EC0-301F-11D3-BF4B-00C04F79EFBC}") = "case1.Entities", "case1.Entities\case1.Entities.csproj", "{F7456329-858B-4100-A77F-3A26A3CC2AD0}"EndProjectProject("{FAE04EC0-301F-11D3-BF4B-00C04F79EFBC}") = "case1.Daos.Interfaces", "case1.Daos.Interfaces\case1.Daos.Interfaces.csproj", "{4829E823-9CB2-4A3B-9C25-510232CE6566}"EndProjectProject("{FAE04EC0-301F-11D3-BF4B-00C04F79EFBC}") = "case1.Services.Interfaces", "case1.Services.Interfaces\case1.Services.Interfaces.csproj", "{6DA21EDD-5FCD-4139-AAA6-243BDA2D0A11}"EndProjectProject("{FAE04EC0-301F-11D3-BF4B-00C04F79EFBC}") = "case1.Daos", "case1.Daos\case1.Daos.csproj", "{30C23683-BB85-4F42-9350-B62EE253BC75}"EndProjectProject("{FAE04EC0-301F-11D3-BF4B-00C04F79EFBC}") = "case1.Services", "case1.Services\case1.Services.csproj", "{0441FBBF-25FE-4519-A34A-CD0686F81E61}"EndProjectProject("{FAE04EC0-301F-11D3-BF4B-00C04F79EFBC}") = "case1.TestData", "case1.TestData\case1.TestData.csproj", "{DCF8F42E-1EC7-4E18-A02D-7BA5387F6AB0}"EndProjectProject("{FAE04EC0-301F-11D3-BF4B-00C04F79EFBC}") = "case1.Daos.Mocks", "case1.Daos.Mocks\case1.Daos.Mocks.csproj", "{C5F85B80-FB9B-455F-A14E-C57CCA2F897C}"EndProjectProject("{FAE04EC0-301F-11D3-BF4B-00C04F79EFBC}") = "case1.Daos.Tests", "case1.Daos.Tests\case1.Daos.Tests.csproj", "{E5BAD09D-ED03-4802-9BFD-FE2D2CCEBBA5}"EndProjectProject("{FAE04EC0-301F-11D3-BF4B-00C04F79EFBC}") = "case1.Services.Tests", "case1.Services.Tests\case1.Services.Tests.csproj", "{3D108D4C-02A3-407C-AF45-FE879CA584D6}"EndProjectProject("{FAE04EC0-301F-11D3-BF4B-00C04F79EFBC}") = "case1.Web", "case1.Web\case1.Web.csproj", "{CA8D4BD3-C79A-4374-812E-04BC6CC7414B}"EndProjectProject("{FAE04EC0-301F-11D3-BF4B-00C04F79EFBC}") = "case1.WebApi", "case1.WebApi\case1.WebApi.csproj", "{71FF5727-6D4D-4BE0-8C7F-C445F2A3B801}"EndProject<!--add customized code between this region--><!--add customized code between this region-->Global	GlobalSection(SolutionConfigurationPlatforms) = preSolution		Debug|Any CPU = Debug|Any CPU		Release|Any CPU = Release|Any CPU	EndGlobalSection	GlobalSection(ProjectConfigurationPlatforms) = postSolution		{F7456329-858B-4100-A77F-3A26A3CC2AD0}.Debug|Any CPU.ActiveCfg = Debug|Any CPU		{F7456329-858B-4100-A77F-3A26A3CC2AD0}.Debug|Any CPU.Build.0 = Debug|Any CPU		{F7456329-858B-4100-A77F-3A26A3CC2AD0}.Release|Any CPU.ActiveCfg = Release|Any CPU		{F7456329-858B-4100-A77F-3A26A3CC2AD0}.Release|Any CPU.Build.0 = Release|Any CPU		{4829E823-9CB2-4A3B-9C25-510232CE6566}.Debug|Any CPU.ActiveCfg = Debug|Any CPU		{4829E823-9CB2-4A3B-9C25-510232CE6566}.Debug|Any CPU.Build.0 = Debug|Any CPU		{4829E823-9CB2-4A3B-9C25-510232CE6566}.Release|Any CPU.ActiveCfg = Release|Any CPU		{4829E823-9CB2-4A3B-9C25-510232CE6566}.Release|Any CPU.Build.0 = Release|Any CPU		{6DA21EDD-5FCD-4139-AAA6-243BDA2D0A11}.Debug|Any CPU.ActiveCfg = Debug|Any CPU		{6DA21EDD-5FCD-4139-AAA6-243BDA2D0A11}.Debug|Any CPU.Build.0 = Debug|Any CPU		{6DA21EDD-5FCD-4139-AAA6-243BDA2D0A11}.Release|Any CPU.ActiveCfg = Release|Any CPU		{6DA21EDD-5FCD-4139-AAA6-243BDA2D0A11}.Release|Any CPU.Build.0 = Release|Any CPU		{30C23683-BB85-4F42-9350-B62EE253BC75}.Debug|Any CPU.ActiveCfg = Debug|Any CPU		{30C23683-BB85-4F42-9350-B62EE253BC75}.Debug|Any CPU.Build.0 = Debug|Any CPU		{30C23683-BB85-4F42-9350-B62EE253BC75}.Release|Any CPU.ActiveCfg = Release|Any CPU		{30C23683-BB85-4F42-9350-B62EE253BC75}.Release|Any CPU.Build.0 = Release|Any CPU		{0441FBBF-25FE-4519-A34A-CD0686F81E61}.Debug|Any CPU.ActiveCfg = Debug|Any CPU		{0441FBBF-25FE-4519-A34A-CD0686F81E61}.Debug|Any CPU.Build.0 = Debug|Any CPU		{0441FBBF-25FE-4519-A34A-CD0686F81E61}.Release|Any CPU.ActiveCfg = Release|Any CPU		{0441FBBF-25FE-4519-A34A-CD0686F81E61}.Release|Any CPU.Build.0 = Release|Any CPU		{DCF8F42E-1EC7-4E18-A02D-7BA5387F6AB0}.Debug|Any CPU.ActiveCfg = Debug|Any CPU		{DCF8F42E-1EC7-4E18-A02D-7BA5387F6AB0}.Debug|Any CPU.Build.0 = Debug|Any CPU		{DCF8F42E-1EC7-4E18-A02D-7BA5387F6AB0}.Release|Any CPU.ActiveCfg = Release|Any CPU		{DCF8F42E-1EC7-4E18-A02D-7BA5387F6AB0}.Release|Any CPU.Build.0 = Release|Any CPU		{C5F85B80-FB9B-455F-A14E-C57CCA2F897C}.Debug|Any CPU.ActiveCfg = Debug|Any CPU		{C5F85B80-FB9B-455F-A14E-C57CCA2F897C}.Debug|Any CPU.Build.0 = Debug|Any CPU		{C5F85B80-FB9B-455F-A14E-C57CCA2F897C}.Release|Any CPU.ActiveCfg = Release|Any CPU		{C5F85B80-FB9B-455F-A14E-C57CCA2F897C}.Release|Any CPU.Build.0 = Release|Any CPU		{E5BAD09D-ED03-4802-9BFD-FE2D2CCEBBA5}.Debug|Any CPU.ActiveCfg = Debug|Any CPU		{E5BAD09D-ED03-4802-9BFD-FE2D2CCEBBA5}.Debug|Any CPU.Build.0 = Debug|Any CPU		{E5BAD09D-ED03-4802-9BFD-FE2D2CCEBBA5}.Release|Any CPU.ActiveCfg = Release|Any CPU		{E5BAD09D-ED03-4802-9BFD-FE2D2CCEBBA5}.Release|Any CPU.Build.0 = Release|Any CPU		{3D108D4C-02A3-407C-AF45-FE879CA584D6}.Debug|Any CPU.ActiveCfg = Debug|Any CPU		{3D108D4C-02A3-407C-AF45-FE879CA584D6}.Debug|Any CPU.Build.0 = Debug|Any CPU		{3D108D4C-02A3-407C-AF45-FE879CA584D6}.Release|Any CPU.ActiveCfg = Release|Any CPU		{3D108D4C-02A3-407C-AF45-FE879CA584D6}.Release|Any CPU.Build.0 = Release|Any CPU		{CA8D4BD3-C79A-4374-812E-04BC6CC7414B}.Debug|Any CPU.ActiveCfg = Debug|Any CPU		{CA8D4BD3-C79A-4374-812E-04BC6CC7414B}.Debug|Any CPU.Build.0 = Debug|Any CPU		{CA8D4BD3-C79A-4374-812E-04BC6CC7414B}.Release|Any CPU.ActiveCfg = Release|Any CPU		{CA8D4BD3-C79A-4374-812E-04BC6CC7414B}.Release|Any CPU.Build.0 = Release|Any CPU		{71FF5727-6D4D-4BE0-8C7F-C445F2A3B801}.Debug|Any CPU.ActiveCfg = Debug|Any CPU		{71FF5727-6D4D-4BE0-8C7F-C445F2A3B801}.Debug|Any CPU.Build.0 = Debug|Any CPU		{71FF5727-6D4D-4BE0-8C7F-C445F2A3B801}.Release|Any CPU.ActiveCfg = Release|Any CPU		{71FF5727-6D4D-4BE0-8C7F-C445F2A3B801}.Release|Any CPU.Build.0 = Release|Any CPU		<!--add customized code between this region-->		<!--add customized code between this region-->	EndGlobalSection
	GlobalSection(SolutionProperties) = preSolution		HideSolutionNode = FALSE	EndGlobalSectionEndGlobal